
Microsoft Visual Studio Solution File, Format Version 11.00
# Visual Studio 2010
Project("{FAE04EC0-301F-11D3-BF4B-00C04F79EFBC}") = "BizzBingo.Web", "BizzBingo.Web\BizzBingo.Web.csproj", "{4CCE371A-65CD-4E0D-847A-6B34FFE6436F}"
EndProject
Project("{FAE04EC0-301F-11D3-BF4B-00C04F79EFBC}") = "BizzBingo.Migrations", "BizzBingo.Migrations\BizzBingo.Migrations.csproj", "{EF97558B-20A5-48AB-B1DC-0FDE8E5CB090}"
EndProject
Project("{FAE04EC0-301F-11D3-BF4B-00C04F79EFBC}") = "BizzBingo.Tests", "BizzBingo.Tests\BizzBingo.Tests.csproj", "{0061612B-35DF-486D-8D78-7D05961921CD}"
EndProject
Global
	GlobalSection(SolutionConfigurationPlatforms) = preSolution
		Debug|Any CPU = Debug|Any CPU
		Debug|Mixed Platforms = Debug|Mixed Platforms
		Debug|x86 = Debug|x86
		Release|Any CPU = Release|Any CPU
		Release|Mixed Platforms = Release|Mixed Platforms
		Release|x86 = Release|x86
	EndGlobalSection
	GlobalSection(ProjectConfigurationPlatforms) = postSolution
		{4CCE371A-65CD-4E0D-847A-6B34FFE6436F}.Debug|Any CPU.ActiveCfg = Debug|Any CPU
		{4CCE371A-65CD-4E0D-847A-6B34FFE6436F}.Debug|Any CPU.Build.0 = Debug|Any CPU
		{4CCE371A-65CD-4E0D-847A-6B34FFE6436F}.Debug|Mixed Platforms.ActiveCfg = Debug|Any CPU
		{4CCE371A-65CD-4E0D-847A-6B34FFE6436F}.Debug|Mixed Platforms.Build.0 = Debug|Any CPU
		{4CCE371A-65CD-4E0D-847A-6B34FFE6436F}.Debug|x86.ActiveCfg = Debug|Any CPU
		{4CCE371A-65CD-4E0D-847A-6B34FFE6436F}.Release|Any CPU.ActiveCfg = Release|Any CPU
		{4CCE371A-65CD-4E0D-847A-6B34FFE6436F}.Release|Any CPU.Build.0 = Release|Any CPU
		{4CCE371A-65CD-4E0D-847A-6B34FFE6436F}.Release|Mixed Platforms.ActiveCfg = Release|Any CPU
		{4CCE371A-65CD-4E0D-847A-6B34FFE6436F}.Release|Mixed Platforms.Build.0 = Release|Any CPU
		{4CCE371A-65CD-4E0D-847A-6B34FFE6436F}.Release|x86.ActiveCfg = Release|Any CPU
		{EF97558B-20A5-48AB-B1DC-0FDE8E5CB090}.Debug|Any CPU.ActiveCfg = Debug|x86
		{EF97558B-20A5-48AB-B1DC-0FDE8E5CB090}.Debug|Mixed Platforms.ActiveCfg = Debug|x86
		{EF97558B-20A5-48AB-B1DC-0FDE8E5CB090}.Debug|Mixed Platforms.Build.0 = Debug|x86
		{EF97558B-20A5-48AB-B1DC-0FDE8E5CB090}.Debug|x86.ActiveCfg = Debug|x86
		{EF97558B-20A5-48AB-B1DC-0FDE8E5CB090}.Debug|x86.Build.0 = Debug|x86
		{EF97558B-20A5-48AB-B1DC-0FDE8E5CB090}.Release|Any CPU.ActiveCfg = Release|x86
		{EF97558B-20A5-48AB-B1DC-0FDE8E5CB090}.Release|Mixed Platforms.ActiveCfg = Release|x86
		{EF97558B-20A5-48AB-B1DC-0FDE8E5CB090}.Release|Mixed Platforms.Build.0 = Release|x86
		{EF97558B-20A5-48AB-B1DC-0FDE8E5CB090}.Release|x86.ActiveCfg = Release|x86
		{EF97558B-20A5-48AB-B1DC-0FDE8E5CB090}.Release|x86.Build.0 = Release|x86
		{0061612B-35DF-486D-8D78-7D05961921CD}.Debug|Any CPU.ActiveCfg = Debug|Any CPU
		{0061612B-35DF-486D-8D78-7D05961921CD}.Debug|Any CPU.Build.0 = Debug|Any CPU
		{0061612B-35DF-486D-8D78-7D05961921CD}.Debug|Mixed Platforms.ActiveCfg = Debug|Any CPU
		{0061612B-35DF-486D-8D78-7D05961921CD}.Debug|Mixed Platforms.Build.0 = Debug|Any CPU
		{0061612B-35DF-486D-8D78-7D05961921CD}.Debug|x86.ActiveCfg = Debug|Any CPU
		{0061612B-35DF-486D-8D78-7D05961921CD}.Release|Any CPU.ActiveCfg = Release|Any CPU
		{0061612B-35DF-486D-8D78-7D05961921CD}.Release|Any CPU.Build.0 = Release|Any CPU
		{0061612B-35DF-486D-8D78-7D05961921CD}.Release|Mixed Platforms.ActiveCfg = Release|Any CPU
		{0061612B-35DF-486D-8D78-7D05961921CD}.Release|Mixed Platforms.Build.0 = Release|Any CPU
		{0061612B-35DF-486D-8D78-7D05961921CD}.Release|x86.ActiveCfg = Release|Any CPU
	EndGlobalSection
	GlobalSection(SolutionProperties) = preSolution
		HideSolutionNode = FALSE
	EndGlobalSection
EndGlobal
